// !$*UTF8*$!
{
	archiveVersion = 1;
	classes = {
	};
	objectVersion = 56;
	objects = {

/* Begin PBXBuildFile section */
		815D2A632A11411F00468F2E /* UIColor...Extension.swift in Sources */ = {isa = PBXBuildFile; fileRef = 815D2A622A11411F00468F2E /* UIColor...Extension.swift */; };
		815D2A652A114D6200468F2E /* Avatar.swift in Sources */ = {isa = PBXBuildFile; fileRef = 815D2A642A114D6200468F2E /* Avatar.swift */; };
		815D2A672A114DE900468F2E /* CircleShadow.swift in Sources */ = {isa = PBXBuildFile; fileRef = 815D2A662A114DE900468F2E /* CircleShadow.swift */; };
		815D2A692A114E2700468F2E /* FriendViewCell.swift in Sources */ = {isa = PBXBuildFile; fileRef = 815D2A682A114E2700468F2E /* FriendViewCell.swift */; };
		815D2A6D2A11652400468F2E /* SearchViewCell.swift in Sources */ = {isa = PBXBuildFile; fileRef = 815D2A6C2A11652400468F2E /* SearchViewCell.swift */; };
		815D2A6F2A11670200468F2E /* NavigationPanelViewCell.swift in Sources */ = {isa = PBXBuildFile; fileRef = 815D2A6E2A11670200468F2E /* NavigationPanelViewCell.swift */; };
		815D2A712A11693A00468F2E /* LoginView.swift in Sources */ = {isa = PBXBuildFile; fileRef = 815D2A702A11693A00468F2E /* LoginView.swift */; };
		815D2A752A116E0000468F2E /* FriendsView.swift in Sources */ = {isa = PBXBuildFile; fileRef = 815D2A742A116E0000468F2E /* FriendsView.swift */; };
		815D2A772A117E6200468F2E /* GroupViewCell.swift in Sources */ = {isa = PBXBuildFile; fileRef = 815D2A762A117E6200468F2E /* GroupViewCell.swift */; };
		815D2A792A118A3D00468F2E /* GroupsView.swift in Sources */ = {isa = PBXBuildFile; fileRef = 815D2A782A118A3D00468F2E /* GroupsView.swift */; };
		815D2A7B2A1A368800468F2E /* CustomTabBar.swift in Sources */ = {isa = PBXBuildFile; fileRef = 815D2A7A2A1A368800468F2E /* CustomTabBar.swift */; };
		815D2A7D2A1A511200468F2E /* MainView.swift in Sources */ = {isa = PBXBuildFile; fileRef = 815D2A7C2A1A511200468F2E /* MainView.swift */; };
		815D2A7F2A1A744900468F2E /* Friend.swift in Sources */ = {isa = PBXBuildFile; fileRef = 815D2A7E2A1A744900468F2E /* Friend.swift */; };
		815D2A822A1A790500468F2E /* FriendPhotosView.swift in Sources */ = {isa = PBXBuildFile; fileRef = 815D2A812A1A790500468F2E /* FriendPhotosView.swift */; };
		815D2A852A1A7C1500468F2E /* ASCollectionView in Frameworks */ = {isa = PBXBuildFile; productRef = 815D2A842A1A7C1500468F2E /* ASCollectionView */; };
		815D2A872A1A8C0400468F2E /* NewsView.swift in Sources */ = {isa = PBXBuildFile; fileRef = 815D2A862A1A8C0400468F2E /* NewsView.swift */; };
		81736E9329F712320062D13D /* VKSwiftUIApp.swift in Sources */ = {isa = PBXBuildFile; fileRef = 81736E9229F712320062D13D /* VKSwiftUIApp.swift */; };
		81736E9529F712320062D13D /* ContentView.swift in Sources */ = {isa = PBXBuildFile; fileRef = 81736E9429F712320062D13D /* ContentView.swift */; };
		81736E9729F712330062D13D /* Assets.xcassets in Resources */ = {isa = PBXBuildFile; fileRef = 81736E9629F712330062D13D /* Assets.xcassets */; };
		81736E9A29F712330062D13D /* Preview Assets.xcassets in Resources */ = {isa = PBXBuildFile; fileRef = 81736E9929F712330062D13D /* Preview Assets.xcassets */; };
/* End PBXBuildFile section */

/* Begin PBXFileReference section */
		815D2A622A11411F00468F2E /* UIColor...Extension.swift */ = {isa = PBXFileReference; lastKnownFileType = sourcecode.swift; path = UIColor...Extension.swift; sourceTree = "<group>"; };
		815D2A642A114D6200468F2E /* Avatar.swift */ = {isa = PBXFileReference; lastKnownFileType = sourcecode.swift; path = Avatar.swift; sourceTree = "<group>"; };
		815D2A662A114DE900468F2E /* CircleShadow.swift */ = {isa = PBXFileReference; lastKnownFileType = sourcecode.swift; path = CircleShadow.swift; sourceTree = "<group>"; };
		815D2A682A114E2700468F2E /* FriendViewCell.swift */ = {isa = PBXFileReference; lastKnownFileType = sourcecode.swift; path = FriendViewCell.swift; sourceTree = "<group>"; };
		815D2A6C2A11652400468F2E /* SearchViewCell.swift */ = {isa = PBXFileReference; lastKnownFileType = sourcecode.swift; path = SearchViewCell.swift; sourceTree = "<group>"; };
		815D2A6E2A11670200468F2E /* NavigationPanelViewCell.swift */ = {isa = PBXFileReference; lastKnownFileType = sourcecode.swift; path = NavigationPanelViewCell.swift; sourceTree = "<group>"; };
		815D2A702A11693A00468F2E /* LoginView.swift */ = {isa = PBXFileReference; lastKnownFileType = sourcecode.swift; path = LoginView.swift; sourceTree = "<group>"; };
		815D2A742A116E0000468F2E /* FriendsView.swift */ = {isa = PBXFileReference; lastKnownFileType = sourcecode.swift; path = FriendsView.swift; sourceTree = "<group>"; };
		815D2A762A117E6200468F2E /* GroupViewCell.swift */ = {isa = PBXFileReference; lastKnownFileType = sourcecode.swift; path = GroupViewCell.swift; sourceTree = "<group>"; };
		815D2A782A118A3D00468F2E /* GroupsView.swift */ = {isa = PBXFileReference; lastKnownFileType = sourcecode.swift; path = GroupsView.swift; sourceTree = "<group>"; };
		815D2A7A2A1A368800468F2E /* CustomTabBar.swift */ = {isa = PBXFileReference; lastKnownFileType = sourcecode.swift; path = CustomTabBar.swift; sourceTree = "<group>"; };
		815D2A7C2A1A511200468F2E /* MainView.swift */ = {isa = PBXFileReference; lastKnownFileType = sourcecode.swift; path = MainView.swift; sourceTree = "<group>"; };
		815D2A7E2A1A744900468F2E /* Friend.swift */ = {isa = PBXFileReference; lastKnownFileType = sourcecode.swift; path = Friend.swift; sourceTree = "<group>"; };
		815D2A812A1A790500468F2E /* FriendPhotosView.swift */ = {isa = PBXFileReference; lastKnownFileType = sourcecode.swift; path = FriendPhotosView.swift; sourceTree = "<group>"; };
		815D2A862A1A8C0400468F2E /* NewsView.swift */ = {isa = PBXFileReference; lastKnownFileType = sourcecode.swift; path = NewsView.swift; sourceTree = "<group>"; };
		81736E8F29F712320062D13D /* VKSwiftUI.app */ = {isa = PBXFileReference; explicitFileType = wrapper.application; includeInIndex = 0; path = VKSwiftUI.app; sourceTree = BUILT_PRODUCTS_DIR; };
		81736E9229F712320062D13D /* VKSwiftUIApp.swift */ = {isa = PBXFileReference; lastKnownFileType = sourcecode.swift; path = VKSwiftUIApp.swift; sourceTree = "<group>"; };
		81736E9429F712320062D13D /* ContentView.swift */ = {isa = PBXFileReference; lastKnownFileType = sourcecode.swift; path = ContentView.swift; sourceTree = "<group>"; };
		81736E9629F712330062D13D /* Assets.xcassets */ = {isa = PBXFileReference; lastKnownFileType = folder.assetcatalog; path = Assets.xcassets; sourceTree = "<group>"; };
		81736E9929F712330062D13D /* Preview Assets.xcassets */ = {isa = PBXFileReference; lastKnownFileType = folder.assetcatalog; path = "Preview Assets.xcassets"; sourceTree = "<group>"; };
/* End PBXFileReference section */

/* Begin PBXFrameworksBuildPhase section */
		81736E8C29F712320062D13D /* Frameworks */ = {
			isa = PBXFrameworksBuildPhase;
			buildActionMask = 2147483647;
			files = (
				815D2A852A1A7C1500468F2E /* ASCollectionView in Frameworks */,
			);
			runOnlyForDeploymentPostprocessing = 0;
		};
/* End PBXFrameworksBuildPhase section */

/* Begin PBXGroup section */
		815D2A612A11410100468F2E /* Extension */ = {
			isa = PBXGroup;
			children = (
				815D2A622A11411F00468F2E /* UIColor...Extension.swift */,
			);
			path = Extension;
			sourceTree = "<group>";
		};
		815D2A6A2A114E8F00468F2E /* Preview Content */ = {
			isa = PBXGroup;
			children = (
				81736E9929F712330062D13D /* Preview Assets.xcassets */,
			);
			path = "Preview Content";
			sourceTree = "<group>";
		};
		815D2A6B2A11646C00468F2E /* CommonViews */ = {
			isa = PBXGroup;
			children = (
				815D2A642A114D6200468F2E /* Avatar.swift */,
				815D2A662A114DE900468F2E /* CircleShadow.swift */,
				815D2A7A2A1A368800468F2E /* CustomTabBar.swift */,
			);
			path = CommonViews;
			sourceTree = "<group>";
		};
		815D2A802A1A745700468F2E /* Models */ = {
			isa = PBXGroup;
			children = (
				815D2A7E2A1A744900468F2E /* Friend.swift */,
			);
			path = Models;
			sourceTree = "<group>";
		};
		81736E8629F712320062D13D = {
			isa = PBXGroup;
			children = (
				81736E9129F712320062D13D /* VKSwiftUI */,
				81736E9029F712320062D13D /* Products */,
			);
			sourceTree = "<group>";
		};
		81736E9029F712320062D13D /* Products */ = {
			isa = PBXGroup;
			children = (
				81736E8F29F712320062D13D /* VKSwiftUI.app */,
			);
			name = Products;
			sourceTree = "<group>";
		};
		81736E9129F712320062D13D /* VKSwiftUI */ = {
			isa = PBXGroup;
			children = (
				81736E9229F712320062D13D /* VKSwiftUIApp.swift */,
				81736E9429F712320062D13D /* ContentView.swift */,
				815D2A7C2A1A511200468F2E /* MainView.swift */,
				815D2A702A11693A00468F2E /* LoginView.swift */,
				815D2A742A116E0000468F2E /* FriendsView.swift */,
				815D2A782A118A3D00468F2E /* GroupsView.swift */,
				815D2A862A1A8C0400468F2E /* NewsView.swift */,
				815D2A812A1A790500468F2E /* FriendPhotosView.swift */,
				815D2A802A1A745700468F2E /* Models */,
				815D2A6B2A11646C00468F2E /* CommonViews */,
				81736E9829F712330062D13D /* Cells */,
				815D2A612A11410100468F2E /* Extension */,
				81736E9629F712330062D13D /* Assets.xcassets */,
				815D2A6A2A114E8F00468F2E /* Preview Content */,
			);
			path = VKSwiftUI;
			sourceTree = "<group>";
		};
		81736E9829F712330062D13D /* Cells */ = {
			isa = PBXGroup;
			children = (
				815D2A682A114E2700468F2E /* FriendViewCell.swift */,
				815D2A762A117E6200468F2E /* GroupViewCell.swift */,
				815D2A6C2A11652400468F2E /* SearchViewCell.swift */,
				815D2A6E2A11670200468F2E /* NavigationPanelViewCell.swift */,
			);
			path = Cells;
			sourceTree = "<group>";
		};
/* End PBXGroup section */

/* Begin PBXNativeTarget section */
		81736E8E29F712320062D13D /* VKSwiftUI */ = {
			isa = PBXNativeTarget;
			buildConfigurationList = 81736E9D29F712330062D13D /* Build configuration list for PBXNativeTarget "VKSwiftUI" */;
			buildPhases = (
				81736E8B29F712320062D13D /* Sources */,
				81736E8C29F712320062D13D /* Frameworks */,
				81736E8D29F712320062D13D /* Resources */,
			);
			buildRules = (
			);
			dependencies = (
			);
			name = VKSwiftUI;
			packageProductDependencies = (
				815D2A842A1A7C1500468F2E /* ASCollectionView */,
			);
			productName = VKSwiftUI;
			productReference = 81736E8F29F712320062D13D /* VKSwiftUI.app */;
			productType = "com.apple.product-type.application";
		};
/* End PBXNativeTarget section */

/* Begin PBXProject section */
		81736E8729F712320062D13D /* Project object */ = {
			isa = PBXProject;
			attributes = {
				BuildIndependentTargetsInParallel = 1;
				LastSwiftUpdateCheck = 1430;
				LastUpgradeCheck = 1430;
				TargetAttributes = {
					81736E8E29F712320062D13D = {
						CreatedOnToolsVersion = 14.3;
					};
				};
			};
			buildConfigurationList = 81736E8A29F712320062D13D /* Build configuration list for PBXProject "VKSwiftUI" */;
			compatibilityVersion = "Xcode 14.0";
			developmentRegion = en;
			hasScannedForEncodings = 0;
			knownRegions = (
				en,
				Base,
			);
			mainGroup = 81736E8629F712320062D13D;
			packageReferences = (
				815D2A832A1A7C1500468F2E /* XCRemoteSwiftPackageReference "ASCollectionView" */,
			);
			productRefGroup = 81736E9029F712320062D13D /* Products */;
			projectDirPath = "";
			projectRoot = "";
			targets = (
				81736E8E29F712320062D13D /* VKSwiftUI */,
			);
		};
/* End PBXProject section */

/* Begin PBXResourcesBuildPhase section */
		81736E8D29F712320062D13D /* Resources */ = {
			isa = PBXResourcesBuildPhase;
			buildActionMask = 2147483647;
			files = (
				81736E9A29F712330062D13D /* Preview Assets.xcassets in Resources */,
				81736E9729F712330062D13D /* Assets.xcassets in Resources */,
			);
			runOnlyForDeploymentPostprocessing = 0;
		};
/* End PBXResourcesBuildPhase section */

/* Begin PBXSourcesBuildPhase section */
		81736E8B29F712320062D13D /* Sources */ = {
			isa = PBXSourcesBuildPhase;
			buildActionMask = 2147483647;
			files = (
				815D2A772A117E6200468F2E /* GroupViewCell.swift in Sources */,
				815D2A822A1A790500468F2E /* FriendPhotosView.swift in Sources */,
				815D2A7D2A1A511200468F2E /* MainView.swift in Sources */,
				815D2A752A116E0000468F2E /* FriendsView.swift in Sources */,
				815D2A692A114E2700468F2E /* FriendViewCell.swift in Sources */,
				815D2A872A1A8C0400468F2E /* NewsView.swift in Sources */,
				815D2A7B2A1A368800468F2E /* CustomTabBar.swift in Sources */,
				815D2A6D2A11652400468F2E /* SearchViewCell.swift in Sources */,
				815D2A652A114D6200468F2E /* Avatar.swift in Sources */,
				815D2A712A11693A00468F2E /* LoginView.swift in Sources */,
				815D2A792A118A3D00468F2E /* GroupsView.swift in Sources */,
				815D2A6F2A11670200468F2E /* NavigationPanelViewCell.swift in Sources */,
				815D2A7F2A1A744900468F2E /* Friend.swift in Sources */,
				815D2A672A114DE900468F2E /* CircleShadow.swift in Sources */,
				81736E9529F712320062D13D /* ContentView.swift in Sources */,
				81736E9329F712320062D13D /* VKSwiftUIApp.swift in Sources */,
				815D2A632A11411F00468F2E /* UIColor...Extension.swift in Sources */,
			);
			runOnlyForDeploymentPostprocessing = 0;
		};
/* End PBXSourcesBuildPhase section */

/* Begin XCBuildConfiguration section */
		81736E9B29F712330062D13D /* Debug */ = {
			isa = XCBuildConfiguration;
			buildSettings = {
				ALWAYS_SEARCH_USER_PATHS = NO;
				CLANG_ANALYZER_NONNULL = YES;
				CLANG_ANALYZER_NUMBER_OBJECT_CONVERSION = YES_AGGRESSIVE;
				CLANG_CXX_LANGUAGE_STANDARD = "gnu++20";
				CLANG_ENABLE_MODULES = YES;
				CLANG_ENABLE_OBJC_ARC = YES;
				CLANG_ENABLE_OBJC_WEAK = YES;
				CLANG_WARN_BLOCK_CAPTURE_AUTORELEASING = YES;
				CLANG_WARN_BOOL_CONVERSION = YES;
				CLANG_WARN_COMMA = YES;
				CLANG_WARN_CONSTANT_CONVERSION = YES;
				CLANG_WARN_DEPRECATED_OBJC_IMPLEMENTATIONS = YES;
				CLANG_WARN_DIRECT_OBJC_ISA_USAGE = YES_ERROR;
				CLANG_WARN_DOCUMENTATION_COMMENTS = YES;
				CLANG_WARN_EMPTY_BODY = YES;
				CLANG_WARN_ENUM_CONVERSION = YES;
				CLANG_WARN_INFINITE_RECURSION = YES;
				CLANG_WARN_INT_CONVERSION = YES;
				CLANG_WARN_NON_LITERAL_NULL_CONVERSION = YES;
				CLANG_WARN_OBJC_IMPLICIT_RETAIN_SELF = YES;
				CLANG_WARN_OBJC_LITERAL_CONVERSION = YES;
				CLANG_WARN_OBJC_ROOT_CLASS = YES_ERROR;
				CLANG_WARN_QUOTED_INCLUDE_IN_FRAMEWORK_HEADER = YES;
				CLANG_WARN_RANGE_LOOP_ANALYSIS = YES;
				CLANG_WARN_STRICT_PROTOTYPES = YES;
				CLANG_WARN_SUSPICIOUS_MOVE = YES;
				CLANG_WARN_UNGUARDED_AVAILABILITY = YES_AGGRESSIVE;
				CLANG_WARN_UNREACHABLE_CODE = YES;
				CLANG_WARN__DUPLICATE_METHOD_MATCH = YES;
				COPY_PHASE_STRIP = NO;
				DEBUG_INFORMATION_FORMAT = dwarf;
				ENABLE_STRICT_OBJC_MSGSEND = YES;
				ENABLE_TESTABILITY = YES;
				GCC_C_LANGUAGE_STANDARD = gnu11;
				GCC_DYNAMIC_NO_PIC = NO;
				GCC_NO_COMMON_BLOCKS = YES;
				GCC_OPTIMIZATION_LEVEL = 0;
				GCC_PREPROCESSOR_DEFINITIONS = (
					"DEBUG=1",
					"$(inherited)",
				);
				GCC_WARN_64_TO_32_BIT_CONVERSION = YES;
				GCC_WARN_ABOUT_RETURN_TYPE = YES_ERROR;
				GCC_WARN_UNDECLARED_SELECTOR = YES;
				GCC_WARN_UNINITIALIZED_AUTOS = YES_AGGRESSIVE;
				GCC_WARN_UNUSED_FUNCTION = YES;
				GCC_WARN_UNUSED_VARIABLE = YES;
				IPHONEOS_DEPLOYMENT_TARGET = 16.4;
				MTL_ENABLE_DEBUG_INFO = INCLUDE_SOURCE;
				MTL_FAST_MATH = YES;
				ONLY_ACTIVE_ARCH = YES;
				SDKROOT = iphoneos;
				SWIFT_ACTIVE_COMPILATION_CONDITIONS = DEBUG;
				SWIFT_OPTIMIZATION_LEVEL = "-Onone";
			};
			name = Debug;
		};
		81736E9C29F712330062D13D /* Release */ = {
			isa = XCBuildConfiguration;
			buildSettings = {
				ALWAYS_SEARCH_USER_PATHS = NO;
				CLANG_ANALYZER_NONNULL = YES;
				CLANG_ANALYZER_NUMBER_OBJECT_CONVERSION = YES_AGGRESSIVE;
				CLANG_CXX_LANGUAGE_STANDARD = "gnu++20";
				CLANG_ENABLE_MODULES = YES;
				CLANG_ENABLE_OBJC_ARC = YES;
				CLANG_ENABLE_OBJC_WEAK = YES;
				CLANG_WARN_BLOCK_CAPTURE_AUTORELEASING = YES;
				CLANG_WARN_BOOL_CONVERSION = YES;
				CLANG_WARN_COMMA = YES;
				CLANG_WARN_CONSTANT_CONVERSION = YES;
				CLANG_WARN_DEPRECATED_OBJC_IMPLEMENTATIONS = YES;
				CLANG_WARN_DIRECT_OBJC_ISA_USAGE = YES_ERROR;
				CLANG_WARN_DOCUMENTATION_COMMENTS = YES;
				CLANG_WARN_EMPTY_BODY = YES;
				CLANG_WARN_ENUM_CONVERSION = YES;
				CLANG_WARN_INFINITE_RECURSION = YES;
				CLANG_WARN_INT_CONVERSION = YES;
				CLANG_WARN_NON_LITERAL_NULL_CONVERSION = YES;
				CLANG_WARN_OBJC_IMPLICIT_RETAIN_SELF = YES;
				CLANG_WARN_OBJC_LITERAL_CONVERSION = YES;
				CLANG_WARN_OBJC_ROOT_CLASS = YES_ERROR;
				CLANG_WARN_QUOTED_INCLUDE_IN_FRAMEWORK_HEADER = YES;
				CLANG_WARN_RANGE_LOOP_ANALYSIS = YES;
				CLANG_WARN_STRICT_PROTOTYPES = YES;
				CLANG_WARN_SUSPICIOUS_MOVE = YES;
				CLANG_WARN_UNGUARDED_AVAILABILITY = YES_AGGRESSIVE;
				CLANG_WARN_UNREACHABLE_CODE = YES;
				CLANG_WARN__DUPLICATE_METHOD_MATCH = YES;
				COPY_PHASE_STRIP = NO;
				DEBUG_INFORMATION_FORMAT = "dwarf-with-dsym";
				ENABLE_NS_ASSERTIONS = NO;
				ENABLE_STRICT_OBJC_MSGSEND = YES;
				GCC_C_LANGUAGE_STANDARD = gnu11;
				GCC_NO_COMMON_BLOCKS = YES;
				GCC_WARN_64_TO_32_BIT_CONVERSION = YES;
				GCC_WARN_ABOUT_RETURN_TYPE = YES_ERROR;
				GCC_WARN_UNDECLARED_SELECTOR = YES;
				GCC_WARN_UNINITIALIZED_AUTOS = YES_AGGRESSIVE;
				GCC_WARN_UNUSED_FUNCTION = YES;
				GCC_WARN_UNUSED_VARIABLE = YES;
				IPHONEOS_DEPLOYMENT_TARGET = 16.4;
				MTL_ENABLE_DEBUG_INFO = NO;
				MTL_FAST_MATH = YES;
				SDKROOT = iphoneos;
				SWIFT_COMPILATION_MODE = wholemodule;
				SWIFT_OPTIMIZATION_LEVEL = "-O";
				VALIDATE_PRODUCT = YES;
			};
			name = Release;
		};
		81736E9E29F712330062D13D /* Debug */ = {
			isa = XCBuildConfiguration;
			buildSettings = {
				ASSETCATALOG_COMPILER_APPICON_NAME = AppIcon;
				ASSETCATALOG_COMPILER_GLOBAL_ACCENT_COLOR_NAME = AccentColor;
				CODE_SIGN_STYLE = Automatic;
				CURRENT_PROJECT_VERSION = 1;
				DEVELOPMENT_ASSET_PATHS = "\"VKSwiftUI/Preview Content\"";
				DEVELOPMENT_TEAM = Y5Q79239V5;
				ENABLE_PREVIEWS = YES;
				GENERATE_INFOPLIST_FILE = YES;
				INFOPLIST_KEY_UIApplicationSceneManifest_Generation = YES;
				INFOPLIST_KEY_UIApplicationSupportsIndirectInputEvents = YES;
				INFOPLIST_KEY_UILaunchScreen_Generation = YES;
				INFOPLIST_KEY_UISupportedInterfaceOrientations_iPad = "UIInterfaceOrientationPortrait UIInterfaceOrientationPortraitUpsideDown UIInterfaceOrientationLandscapeLeft UIInterfaceOrientationLandscapeRight";
				INFOPLIST_KEY_UISupportedInterfaceOrientations_iPhone = "UIInterfaceOrientationPortrait UIInterfaceOrientationLandscapeLeft UIInterfaceOrientationLandscapeRight";
				LD_RUNPATH_SEARCH_PATHS = (
					"$(inherited)",
					"@executable_path/Frameworks",
				);
				MARKETING_VERSION = 1.0;
				PRODUCT_BUNDLE_IDENTIFIER = kukoba.GB.VKSwiftUI;
				PRODUCT_NAME = "$(TARGET_NAME)";
				SWIFT_EMIT_LOC_STRINGS = YES;
				SWIFT_VERSION = 5.0;
				TARGETED_DEVICE_FAMILY = "1,2";
			};
			name = Debug;
		};
		81736E9F29F712330062D13D /* Release */ = {
			isa = XCBuildConfiguration;
			buildSettings = {
				ASSETCATALOG_COMPILER_APPICON_NAME = AppIcon;
				ASSETCATALOG_COMPILER_GLOBAL_ACCENT_COLOR_NAME = AccentColor;
				CODE_SIGN_STYLE = Automatic;
				CURRENT_PROJECT_VERSION = 1;
				DEVELOPMENT_ASSET_PATHS = "\"VKSwiftUI/Preview Content\"";
				DEVELOPMENT_TEAM = Y5Q79239V5;
				ENABLE_PREVIEWS = YES;
				GENERATE_INFOPLIST_FILE = YES;
				INFOPLIST_KEY_UIApplicationSceneManifest_Generation = YES;
				INFOPLIST_KEY_UIApplicationSupportsIndirectInputEvents = YES;
				INFOPLIST_KEY_UILaunchScreen_Generation = YES;
				INFOPLIST_KEY_UISupportedInterfaceOrientations_iPad = "UIInterfaceOrientationPortrait UIInterfaceOrientationPortraitUpsideDown UIInterfaceOrientationLandscapeLeft UIInterfaceOrientationLandscapeRight";
				INFOPLIST_KEY_UISupportedInterfaceOrientations_iPhone = "UIInterfaceOrientationPortrait UIInterfaceOrientationLandscapeLeft UIInterfaceOrientationLandscapeRight";
				LD_RUNPATH_SEARCH_PATHS = (
					"$(inherited)",
					"@executable_path/Frameworks",
				);
				MARKETING_VERSION = 1.0;
				PRODUCT_BUNDLE_IDENTIFIER = kukoba.GB.VKSwiftUI;
				PRODUCT_NAME = "$(TARGET_NAME)";
				SWIFT_EMIT_LOC_STRINGS = YES;
				SWIFT_VERSION = 5.0;
				TARGETED_DEVICE_FAMILY = "1,2";
			};
			name = Release;
		};
/* End XCBuildConfiguration section */

/* Begin XCConfigurationList section */
		81736E8A29F712320062D13D /* Build configuration list for PBXProject "VKSwiftUI" */ = {
			isa = XCConfigurationList;
			buildConfigurations = (
				81736E9B29F712330062D13D /* Debug */,
				81736E9C29F712330062D13D /* Release */,
			);
			defaultConfigurationIsVisible = 0;
			defaultConfigurationName = Release;
		};
		81736E9D29F712330062D13D /* Build configuration list for PBXNativeTarget "VKSwiftUI" */ = {
			isa = XCConfigurationList;
			buildConfigurations = (
				81736E9E29F712330062D13D /* Debug */,
				81736E9F29F712330062D13D /* Release */,
			);
			defaultConfigurationIsVisible = 0;
			defaultConfigurationName = Release;
		};
/* End XCConfigurationList section */

/* Begin XCRemoteSwiftPackageReference section */
		815D2A832A1A7C1500468F2E /* XCRemoteSwiftPackageReference "ASCollectionView" */ = {
			isa = XCRemoteSwiftPackageReference;
			repositoryURL = "https://github.com/apptekstudios/ASCollectionView";
			requirement = {
				kind = upToNextMajorVersion;
				minimumVersion = 2.0.0;
			};
		};
/* End XCRemoteSwiftPackageReference section */

/* Begin XCSwiftPackageProductDependency section */
		815D2A842A1A7C1500468F2E /* ASCollectionView */ = {
			isa = XCSwiftPackageProductDependency;
			package = 815D2A832A1A7C1500468F2E /* XCRemoteSwiftPackageReference "ASCollectionView" */;
			productName = ASCollectionView;
		};
/* End XCSwiftPackageProductDependency section */
	};
	rootObject = 81736E8729F712320062D13D /* Project object */;
}
